// !$*UTF8*$!
{
	archiveVersion = 1;
	classes = {
	};
	objectVersion = 56;
	objects = {

/* Begin PBXBuildFile section */
		7B6D6EAB2DC855BB0022AF02 /* testitlinkApp.swift in Sources */ = {isa = PBXBuildFile; fileRef = 7B6D6EAA2DC855BB0022AF02 /* testitlinkApp.swift */; };
		7B6D6EAD2DC855BB0022AF02 /* ContentView.swift in Sources */ = {isa = PBXBuildFile; fileRef = 7B6D6EAC2DC855BB0022AF02 /* ContentView.swift */; };
		7B6D6EAF2DC855C10022AF02 /* Assets.xcassets in Resources */ = {isa = PBXBuildFile; fileRef = 7B6D6EAE2DC855C10022AF02 /* Assets.xcassets */; };
		7B6D6EB22DC855C10022AF02 /* Preview Assets.xcassets in Resources */ = {isa = PBXBuildFile; fileRef = 7B6D6EB12DC855C10022AF02 /* Preview Assets.xcassets */; };
		7B6D6EC62DC858140022AF02 /* ImagesPresenter.swift in Sources */ = {isa = PBXBuildFile; fileRef = 7B6D6EB92DC858130022AF02 /* ImagesPresenter.swift */; };
		7B6D6EC72DC858140022AF02 /* ImageDetailPresenter.swift in Sources */ = {isa = PBXBuildFile; fileRef = 7B6D6EBA2DC858130022AF02 /* ImageDetailPresenter.swift */; };
		7B6D6EC82DC858140022AF02 /* ImageDetailView.swift in Sources */ = {isa = PBXBuildFile; fileRef = 7B6D6EBC2DC858130022AF02 /* ImageDetailView.swift */; };
		7B6D6EC92DC858140022AF02 /* ImagesGridView.swift in Sources */ = {isa = PBXBuildFile; fileRef = 7B6D6EBD2DC858130022AF02 /* ImagesGridView.swift */; };
		7B6D6ECA2DC858140022AF02 /* AdaptiveGrid.swift in Sources */ = {isa = PBXBuildFile; fileRef = 7B6D6EBF2DC858130022AF02 /* AdaptiveGrid.swift */; };
		7B6D6ECB2DC858140022AF02 /* ThumbnailView.swift in Sources */ = {isa = PBXBuildFile; fileRef = 7B6D6EC02DC858130022AF02 /* ThumbnailView.swift */; };
		7B6D6ECC2DC858140022AF02 /* ImageService.swift in Sources */ = {isa = PBXBuildFile; fileRef = 7B6D6EC22DC858140022AF02 /* ImageService.swift */; };
		7B6D6ECD2DC858140022AF02 /* NetworkService.swift in Sources */ = {isa = PBXBuildFile; fileRef = 7B6D6EC32DC858140022AF02 /* NetworkService.swift */; };
		7B6D6ECE2DC858140022AF02 /* ImageURL.swift in Sources */ = {isa = PBXBuildFile; fileRef = 7B6D6EC52DC858140022AF02 /* ImageURL.swift */; };
/* End PBXBuildFile section */

/* Begin PBXFileReference section */
		7B6D6EA72DC855BB0022AF02 /* testitlink.app */ = {isa = PBXFileReference; explicitFileType = wrapper.application; includeInIndex = 0; path = testitlink.app; sourceTree = BUILT_PRODUCTS_DIR; };
		7B6D6EAA2DC855BB0022AF02 /* testitlinkApp.swift */ = {isa = PBXFileReference; lastKnownFileType = sourcecode.swift; path = testitlinkApp.swift; sourceTree = "<group>"; };
		7B6D6EAC2DC855BB0022AF02 /* ContentView.swift */ = {isa = PBXFileReference; lastKnownFileType = sourcecode.swift; path = ContentView.swift; sourceTree = "<group>"; };
		7B6D6EAE2DC855C10022AF02 /* Assets.xcassets */ = {isa = PBXFileReference; lastKnownFileType = folder.assetcatalog; path = Assets.xcassets; sourceTree = "<group>"; };
		7B6D6EB12DC855C10022AF02 /* Preview Assets.xcassets */ = {isa = PBXFileReference; lastKnownFileType = folder.assetcatalog; path = "Preview Assets.xcassets"; sourceTree = "<group>"; };
		7B6D6EB92DC858130022AF02 /* ImagesPresenter.swift */ = {isa = PBXFileReference; fileEncoding = 4; lastKnownFileType = sourcecode.swift; path = ImagesPresenter.swift; sourceTree = "<group>"; };
		7B6D6EBA2DC858130022AF02 /* ImageDetailPresenter.swift */ = {isa = PBXFileReference; fileEncoding = 4; lastKnownFileType = sourcecode.swift; path = ImageDetailPresenter.swift; sourceTree = "<group>"; };
		7B6D6EBC2DC858130022AF02 /* ImageDetailView.swift */ = {isa = PBXFileReference; fileEncoding = 4; lastKnownFileType = sourcecode.swift; path = ImageDetailView.swift; sourceTree = "<group>"; };
		7B6D6EBD2DC858130022AF02 /* ImagesGridView.swift */ = {isa = PBXFileReference; fileEncoding = 4; lastKnownFileType = sourcecode.swift; path = ImagesGridView.swift; sourceTree = "<group>"; };
		7B6D6EBF2DC858130022AF02 /* AdaptiveGrid.swift */ = {isa = PBXFileReference; fileEncoding = 4; lastKnownFileType = sourcecode.swift; path = AdaptiveGrid.swift; sourceTree = "<group>"; };
		7B6D6EC02DC858130022AF02 /* ThumbnailView.swift */ = {isa = PBXFileReference; fileEncoding = 4; lastKnownFileType = sourcecode.swift; path = ThumbnailView.swift; sourceTree = "<group>"; };
		7B6D6EC22DC858140022AF02 /* ImageService.swift */ = {isa = PBXFileReference; fileEncoding = 4; lastKnownFileType = sourcecode.swift; path = ImageService.swift; sourceTree = "<group>"; };
		7B6D6EC32DC858140022AF02 /* NetworkService.swift */ = {isa = PBXFileReference; fileEncoding = 4; lastKnownFileType = sourcecode.swift; path = NetworkService.swift; sourceTree = "<group>"; };
		7B6D6EC52DC858140022AF02 /* ImageURL.swift */ = {isa = PBXFileReference; fileEncoding = 4; lastKnownFileType = sourcecode.swift; path = ImageURL.swift; sourceTree = "<group>"; };
/* End PBXFileReference section */

/* Begin PBXFrameworksBuildPhase section */
		7B6D6EA42DC855BB0022AF02 /* Frameworks */ = {
			isa = PBXFrameworksBuildPhase;
			buildActionMask = 2147483647;
			files = (
			);
			runOnlyForDeploymentPostprocessing = 0;
		};
/* End PBXFrameworksBuildPhase section */

/* Begin PBXGroup section */
		7B6D6E9E2DC855BB0022AF02 = {
			isa = PBXGroup;
			children = (
				7B6D6EA92DC855BB0022AF02 /* testitlink */,
				7B6D6EA82DC855BB0022AF02 /* Products */,
			);
			sourceTree = "<group>";
		};
		7B6D6EA82DC855BB0022AF02 /* Products */ = {
			isa = PBXGroup;
			children = (
				7B6D6EA72DC855BB0022AF02 /* testitlink.app */,
			);
			name = Products;
			sourceTree = "<group>";
		};
		7B6D6EA92DC855BB0022AF02 /* testitlink */ = {
			isa = PBXGroup;
			children = (
				7B6D6EC42DC858140022AF02 /* Models */,
				7B6D6EB82DC858130022AF02 /* Presenters */,
				7B6D6EC12DC858140022AF02 /* Services */,
				7B6D6EBB2DC858130022AF02 /* Views */,
				7B6D6EAA2DC855BB0022AF02 /* testitlinkApp.swift */,
				7B6D6EAC2DC855BB0022AF02 /* ContentView.swift */,
				7B6D6EAE2DC855C10022AF02 /* Assets.xcassets */,
				7B6D6EB02DC855C10022AF02 /* Preview Content */,
			);
			path = testitlink;
			sourceTree = "<group>";
		};
		7B6D6EB02DC855C10022AF02 /* Preview Content */ = {
			isa = PBXGroup;
			children = (
				7B6D6EB12DC855C10022AF02 /* Preview Assets.xcassets */,
			);
			path = "Preview Content";
			sourceTree = "<group>";
		};
		7B6D6EB82DC858130022AF02 /* Presenters */ = {
			isa = PBXGroup;
			children = (
				7B6D6EB92DC858130022AF02 /* ImagesPresenter.swift */,
				7B6D6EBA2DC858130022AF02 /* ImageDetailPresenter.swift */,
			);
			path = Presenters;
			sourceTree = "<group>";
		};
		7B6D6EBB2DC858130022AF02 /* Views */ = {
			isa = PBXGroup;
			children = (
				7B6D6EBC2DC858130022AF02 /* ImageDetailView.swift */,
				7B6D6EBD2DC858130022AF02 /* ImagesGridView.swift */,
				7B6D6EBE2DC858130022AF02 /* Components */,
			);
			path = Views;
			sourceTree = "<group>";
		};
		7B6D6EBE2DC858130022AF02 /* Components */ = {
			isa = PBXGroup;
			children = (
				7B6D6EBF2DC858130022AF02 /* AdaptiveGrid.swift */,
				7B6D6EC02DC858130022AF02 /* ThumbnailView.swift */,
			);
			path = Components;
			sourceTree = "<group>";
		};
		7B6D6EC12DC858140022AF02 /* Services */ = {
			isa = PBXGroup;
			children = (
				7B6D6EC22DC858140022AF02 /* ImageService.swift */,
				7B6D6EC32DC858140022AF02 /* NetworkService.swift */,
			);
			path = Services;
			sourceTree = "<group>";
		};
		7B6D6EC42DC858140022AF02 /* Models */ = {
			isa = PBXGroup;
			children = (
				7B6D6EC52DC858140022AF02 /* ImageURL.swift */,
			);
			path = Models;
			sourceTree = "<group>";
		};
/* End PBXGroup section */

/* Begin PBXNativeTarget section */
		7B6D6EA62DC855BB0022AF02 /* testitlink */ = {
			isa = PBXNativeTarget;
			buildConfigurationList = 7B6D6EB52DC855C10022AF02 /* Build configuration list for PBXNativeTarget "testitlink" */;
			buildPhases = (
				7B6D6EA32DC855BB0022AF02 /* Sources */,
				7B6D6EA42DC855BB0022AF02 /* Frameworks */,
				7B6D6EA52DC855BB0022AF02 /* Resources */,
			);
			buildRules = (
			);
			dependencies = (
			);
			name = testitlink;
			productName = testitlink;
			productReference = 7B6D6EA72DC855BB0022AF02 /* testitlink.app */;
			productType = "com.apple.product-type.application";
		};
/* End PBXNativeTarget section */

/* Begin PBXProject section */
		7B6D6E9F2DC855BB0022AF02 /* Project object */ = {
			isa = PBXProject;
			attributes = {
				BuildIndependentTargetsInParallel = 1;
				LastSwiftUpdateCheck = 1420;
				LastUpgradeCheck = 1420;
				TargetAttributes = {
					7B6D6EA62DC855BB0022AF02 = {
						CreatedOnToolsVersion = 14.2;
					};
				};
			};
			buildConfigurationList = 7B6D6EA22DC855BB0022AF02 /* Build configuration list for PBXProject "testitlink" */;
			compatibilityVersion = "Xcode 14.0";
			developmentRegion = en;
			hasScannedForEncodings = 0;
			knownRegions = (
				en,
				Base,
			);
			mainGroup = 7B6D6E9E2DC855BB0022AF02;
			productRefGroup = 7B6D6EA82DC855BB0022AF02 /* Products */;
			projectDirPath = "";
			projectRoot = "";
			targets = (
				7B6D6EA62DC855BB0022AF02 /* testitlink */,
			);
		};
/* End PBXProject section */

/* Begin PBXResourcesBuildPhase section */
		7B6D6EA52DC855BB0022AF02 /* Resources */ = {
			isa = PBXResourcesBuildPhase;
			buildActionMask = 2147483647;
			files = (
				7B6D6EB22DC855C10022AF02 /* Preview Assets.xcassets in Resources */,
				7B6D6EAF2DC855C10022AF02 /* Assets.xcassets in Resources */,
			);
			runOnlyForDeploymentPostprocessing = 0;
		};
/* End PBXResourcesBuildPhase section */

/* Begin PBXSourcesBuildPhase section */
		7B6D6EA32DC855BB0022AF02 /* Sources */ = {
			isa = PBXSourcesBuildPhase;
			buildActionMask = 2147483647;
			files = (
				7B6D6ECD2DC858140022AF02 /* NetworkService.swift in Sources */,
				7B6D6EAD2DC855BB0022AF02 /* ContentView.swift in Sources */,
				7B6D6EAB2DC855BB0022AF02 /* testitlinkApp.swift in Sources */,
				7B6D6ECC2DC858140022AF02 /* ImageService.swift in Sources */,
				7B6D6ECA2DC858140022AF02 /* AdaptiveGrid.swift in Sources */,
				7B6D6EC92DC858140022AF02 /* ImagesGridView.swift in Sources */,
				7B6D6EC62DC858140022AF02 /* ImagesPresenter.swift in Sources */,
				7B6D6ECB2DC858140022AF02 /* ThumbnailView.swift in Sources */,
				7B6D6EC72DC858140022AF02 /* ImageDetailPresenter.swift in Sources */,
				7B6D6ECE2DC858140022AF02 /* ImageURL.swift in Sources */,
				7B6D6EC82DC858140022AF02 /* ImageDetailView.swift in Sources */,
			);
			runOnlyForDeploymentPostprocessing = 0;
		};
/* End PBXSourcesBuildPhase section */

/* Begin XCBuildConfiguration section */
		7B6D6EB32DC855C10022AF02 /* Debug */ = {
			isa = XCBuildConfiguration;
			buildSettings = {
				ALWAYS_SEARCH_USER_PATHS = NO;
				CLANG_ANALYZER_NONNULL = YES;
				CLANG_ANALYZER_NUMBER_OBJECT_CONVERSION = YES_AGGRESSIVE;
				CLANG_CXX_LANGUAGE_STANDARD = "gnu++20";
				CLANG_ENABLE_MODULES = YES;
				CLANG_ENABLE_OBJC_ARC = YES;
				CLANG_ENABLE_OBJC_WEAK = YES;
				CLANG_WARN_BLOCK_CAPTURE_AUTORELEASING = YES;
				CLANG_WARN_BOOL_CONVERSION = YES;
				CLANG_WARN_COMMA = YES;
				CLANG_WARN_CONSTANT_CONVERSION = YES;
				CLANG_WARN_DEPRECATED_OBJC_IMPLEMENTATIONS = YES;
				CLANG_WARN_DIRECT_OBJC_ISA_USAGE = YES_ERROR;
				CLANG_WARN_DOCUMENTATION_COMMENTS = YES;
				CLANG_WARN_EMPTY_BODY = YES;
				CLANG_WARN_ENUM_CONVERSION = YES;
				CLANG_WARN_INFINITE_RECURSION = YES;
				CLANG_WARN_INT_CONVERSION = YES;
				CLANG_WARN_NON_LITERAL_NULL_CONVERSION = YES;
				CLANG_WARN_OBJC_IMPLICIT_RETAIN_SELF = YES;
				CLANG_WARN_OBJC_LITERAL_CONVERSION = YES;
				CLANG_WARN_OBJC_ROOT_CLASS = YES_ERROR;
				CLANG_WARN_QUOTED_INCLUDE_IN_FRAMEWORK_HEADER = YES;
				CLANG_WARN_RANGE_LOOP_ANALYSIS = YES;
				CLANG_WARN_STRICT_PROTOTYPES = YES;
				CLANG_WARN_SUSPICIOUS_MOVE = YES;
				CLANG_WARN_UNGUARDED_AVAILABILITY = YES_AGGRESSIVE;
				CLANG_WARN_UNREACHABLE_CODE = YES;
				CLANG_WARN__DUPLICATE_METHOD_MATCH = YES;
				COPY_PHASE_STRIP = NO;
				DEBUG_INFORMATION_FORMAT = dwarf;
				ENABLE_STRICT_OBJC_MSGSEND = YES;
				ENABLE_TESTABILITY = YES;
				GCC_C_LANGUAGE_STANDARD = gnu11;
				GCC_DYNAMIC_NO_PIC = NO;
				GCC_NO_COMMON_BLOCKS = YES;
				GCC_OPTIMIZATION_LEVEL = 0;
				GCC_PREPROCESSOR_DEFINITIONS = (
					"DEBUG=1",
					"$(inherited)",
				);
				GCC_WARN_64_TO_32_BIT_CONVERSION = YES;
				GCC_WARN_ABOUT_RETURN_TYPE = YES_ERROR;
				GCC_WARN_UNDECLARED_SELECTOR = YES;
				GCC_WARN_UNINITIALIZED_AUTOS = YES_AGGRESSIVE;
				GCC_WARN_UNUSED_FUNCTION = YES;
				GCC_WARN_UNUSED_VARIABLE = YES;
				IPHONEOS_DEPLOYMENT_TARGET = 16.2;
				MTL_ENABLE_DEBUG_INFO = INCLUDE_SOURCE;
				MTL_FAST_MATH = YES;
				ONLY_ACTIVE_ARCH = YES;
				SDKROOT = iphoneos;
				SWIFT_ACTIVE_COMPILATION_CONDITIONS = DEBUG;
				SWIFT_OPTIMIZATION_LEVEL = "-Onone";
			};
			name = Debug;
		};
		7B6D6EB42DC855C10022AF02 /* Release */ = {
			isa = XCBuildConfiguration;
			buildSettings = {
				ALWAYS_SEARCH_USER_PATHS = NO;
				CLANG_ANALYZER_NONNULL = YES;
				CLANG_ANALYZER_NUMBER_OBJECT_CONVERSION = YES_AGGRESSIVE;
				CLANG_CXX_LANGUAGE_STANDARD = "gnu++20";
				CLANG_ENABLE_MODULES = YES;
				CLANG_ENABLE_OBJC_ARC = YES;
				CLANG_ENABLE_OBJC_WEAK = YES;
				CLANG_WARN_BLOCK_CAPTURE_AUTORELEASING = YES;
				CLANG_WARN_BOOL_CONVERSION = YES;
				CLANG_WARN_COMMA = YES;
				CLANG_WARN_CONSTANT_CONVERSION = YES;
				CLANG_WARN_DEPRECATED_OBJC_IMPLEMENTATIONS = YES;
				CLANG_WARN_DIRECT_OBJC_ISA_USAGE = YES_ERROR;
				CLANG_WARN_DOCUMENTATION_COMMENTS = YES;
				CLANG_WARN_EMPTY_BODY = YES;
				CLANG_WARN_ENUM_CONVERSION = YES;
				CLANG_WARN_INFINITE_RECURSION = YES;
				CLANG_WARN_INT_CONVERSION = YES;
				CLANG_WARN_NON_LITERAL_NULL_CONVERSION = YES;
				CLANG_WARN_OBJC_IMPLICIT_RETAIN_SELF = YES;
				CLANG_WARN_OBJC_LITERAL_CONVERSION = YES;
				CLANG_WARN_OBJC_ROOT_CLASS = YES_ERROR;
				CLANG_WARN_QUOTED_INCLUDE_IN_FRAMEWORK_HEADER = YES;
				CLANG_WARN_RANGE_LOOP_ANALYSIS = YES;
				CLANG_WARN_STRICT_PROTOTYPES = YES;
				CLANG_WARN_SUSPICIOUS_MOVE = YES;
				CLANG_WARN_UNGUARDED_AVAILABILITY = YES_AGGRESSIVE;
				CLANG_WARN_UNREACHABLE_CODE = YES;
				CLANG_WARN__DUPLICATE_METHOD_MATCH = YES;
				COPY_PHASE_STRIP = NO;
				DEBUG_INFORMATION_FORMAT = "dwarf-with-dsym";
				ENABLE_NS_ASSERTIONS = NO;
				ENABLE_STRICT_OBJC_MSGSEND = YES;
				GCC_C_LANGUAGE_STANDARD = gnu11;
				GCC_NO_COMMON_BLOCKS = YES;
				GCC_WARN_64_TO_32_BIT_CONVERSION = YES;
				GCC_WARN_ABOUT_RETURN_TYPE = YES_ERROR;
				GCC_WARN_UNDECLARED_SELECTOR = YES;
				GCC_WARN_UNINITIALIZED_AUTOS = YES_AGGRESSIVE;
				GCC_WARN_UNUSED_FUNCTION = YES;
				GCC_WARN_UNUSED_VARIABLE = YES;
				IPHONEOS_DEPLOYMENT_TARGET = 16.2;
				MTL_ENABLE_DEBUG_INFO = NO;
				MTL_FAST_MATH = YES;
				SDKROOT = iphoneos;
				SWIFT_COMPILATION_MODE = wholemodule;
				SWIFT_OPTIMIZATION_LEVEL = "-O";
				VALIDATE_PRODUCT = YES;
			};
			name = Release;
		};
		7B6D6EB62DC855C10022AF02 /* Debug */ = {
			isa = XCBuildConfiguration;
			buildSettings = {
				ASSETCATALOG_COMPILER_APPICON_NAME = AppIcon;
				ASSETCATALOG_COMPILER_GLOBAL_ACCENT_COLOR_NAME = AccentColor;
				CODE_SIGN_STYLE = Automatic;
				CURRENT_PROJECT_VERSION = 1;
				DEVELOPMENT_ASSET_PATHS = "\"testitlink/Preview Content\"";
				ENABLE_PREVIEWS = YES;
				GENERATE_INFOPLIST_FILE = YES;
				INFOPLIST_KEY_UIApplicationSceneManifest_Generation = YES;
				INFOPLIST_KEY_UIApplicationSupportsIndirectInputEvents = YES;
				INFOPLIST_KEY_UILaunchScreen_Generation = YES;
				INFOPLIST_KEY_UISupportedInterfaceOrientations_iPad = "UIInterfaceOrientationPortrait UIInterfaceOrientationPortraitUpsideDown UIInterfaceOrientationLandscapeLeft UIInterfaceOrientationLandscapeRight";
				INFOPLIST_KEY_UISupportedInterfaceOrientations_iPhone = "UIInterfaceOrientationPortrait UIInterfaceOrientationLandscapeLeft UIInterfaceOrientationLandscapeRight";
				IPHONEOS_DEPLOYMENT_TARGET = 15.0;
				LD_RUNPATH_SEARCH_PATHS = (
					"$(inherited)",
					"@executable_path/Frameworks",
				);
				MARKETING_VERSION = 1.0;
				PRODUCT_BUNDLE_IDENTIFIER = "-12233.testitlink";
				PRODUCT_NAME = "$(TARGET_NAME)";
				SWIFT_EMIT_LOC_STRINGS = YES;
				SWIFT_VERSION = 5.0;
				TARGETED_DEVICE_FAMILY = "1,2";
			};
			name = Debug;
		};
		7B6D6EB72DC855C10022AF02 /* Release */ = {
			isa = XCBuildConfiguration;
			buildSettings = {
				ASSETCATALOG_COMPILER_APPICON_NAME = AppIcon;
				ASSETCATALOG_COMPILER_GLOBAL_ACCENT_COLOR_NAME = AccentColor;
				CODE_SIGN_STYLE = Automatic;
				CURRENT_PROJECT_VERSION = 1;
				DEVELOPMENT_ASSET_PATHS = "\"testitlink/Preview Content\"";
				ENABLE_PREVIEWS = YES;
				GENERATE_INFOPLIST_FILE = YES;
				INFOPLIST_KEY_UIApplicationSceneManifest_Generation = YES;
				INFOPLIST_KEY_UIApplicationSupportsIndirectInputEvents = YES;
				INFOPLIST_KEY_UILaunchScreen_Generation = YES;
				INFOPLIST_KEY_UISupportedInterfaceOrientations_iPad = "UIInterfaceOrientationPortrait UIInterfaceOrientationPortraitUpsideDown UIInterfaceOrientationLandscapeLeft UIInterfaceOrientationLandscapeRight";
				INFOPLIST_KEY_UISupportedInterfaceOrientations_iPhone = "UIInterfaceOrientationPortrait UIInterfaceOrientationLandscapeLeft UIInterfaceOrientationLandscapeRight";
				IPHONEOS_DEPLOYMENT_TARGET = 15.0;
				LD_RUNPATH_SEARCH_PATHS = (
					"$(inherited)",
					"@executable_path/Frameworks",
				);
				MARKETING_VERSION = 1.0;
				PRODUCT_BUNDLE_IDENTIFIER = "-12233.testitlink";
				PRODUCT_NAME = "$(TARGET_NAME)";
				SWIFT_EMIT_LOC_STRINGS = YES;
				SWIFT_VERSION = 5.0;
				TARGETED_DEVICE_FAMILY = "1,2";
			};
			name = Release;
		};
/* End XCBuildConfiguration section */

/* Begin XCConfigurationList section */
		7B6D6EA22DC855BB0022AF02 /* Build configuration list for PBXProject "testitlink" */ = {
			isa = XCConfigurationList;
			buildConfigurations = (
				7B6D6EB32DC855C10022AF02 /* Debug */,
				7B6D6EB42DC855C10022AF02 /* Release */,
			);
			defaultConfigurationIsVisible = 0;
			defaultConfigurationName = Release;
		};
		7B6D6EB52DC855C10022AF02 /* Build configuration list for PBXNativeTarget "testitlink" */ = {
			isa = XCConfigurationList;
			buildConfigurations = (
				7B6D6EB62DC855C10022AF02 /* Debug */,
				7B6D6EB72DC855C10022AF02 /* Release */,
			);
			defaultConfigurationIsVisible = 0;
			defaultConfigurationName = Release;
		};
/* End XCConfigurationList section */
	};
	rootObject = 7B6D6E9F2DC855BB0022AF02 /* Project object */;
}
